
Microsoft Visual Studio Solution File, Format Version 12.00
Project("{2150E333-8FDC-42A3-9474-1A3956D46DE8}") = "External Items", "External Items", "{B4C29EB5-7B74-4C0D-85A1-05FD789C7CBB}"
ProjectSection(SolutionItems) = preProject
	Spoofy\scripts\pulse.sh = Spoofy\scripts\pulse.sh
	Spoofy\scripts\spotifyd.sh = Spoofy\scripts\spotifyd.sh
	secrets\spotify-passwd = secrets\spotify-passwd
	secrets\spotify-user = secrets\spotify-user
	Spoofy\.dockerignore = Spoofy\.dockerignore
	Spoofy\.gitignore = Spoofy\.gitignore
	Spoofy\Dockerfile = Spoofy\Dockerfile
	Spoofy\Dockerfile.dev = Spoofy\Dockerfile.dev
	Spoofy\entrypoint.sh = Spoofy\entrypoint.sh
	.env = .env
	.gitattributes = .gitattributes
	.gitignore = .gitignore
	docker-compose.dev.yml = docker-compose.dev.yml
	docker-compose.yml = docker-compose.yml
	spotifyd.conf = spotifyd.conf
EndProjectSection
EndProject
Project("{FAE04EC0-301F-11D3-BF4B-00C04F79EFBC}") = "Spoofy", "Spoofy\src\Spoofy.csproj", "{404CCE31-92E4-415B-B5CB-6E1970C540EF}"
EndProject
Global
	GlobalSection(SolutionConfigurationPlatforms) = preSolution
		Debug|Any CPU = Debug|Any CPU
		Release|Any CPU = Release|Any CPU
	EndGlobalSection
	GlobalSection(ProjectConfigurationPlatforms) = postSolution
		{404CCE31-92E4-415B-B5CB-6E1970C540EF}.Debug|Any CPU.ActiveCfg = Debug|Any CPU
		{404CCE31-92E4-415B-B5CB-6E1970C540EF}.Debug|Any CPU.Build.0 = Debug|Any CPU
		{404CCE31-92E4-415B-B5CB-6E1970C540EF}.Release|Any CPU.ActiveCfg = Release|Any CPU
		{404CCE31-92E4-415B-B5CB-6E1970C540EF}.Release|Any CPU.Build.0 = Release|Any CPU
	EndGlobalSection
EndGlobal
